// !$*UTF8*$!
{
	archiveVersion = 1;
	classes = {
	};
	objectVersion = 55;
	objects = {

/* Begin PBXBuildFile section */
		343444AB2A7D4B2E00E4BF3B /* ResultBuilderTests.swift in Sources */ = {isa = PBXBuildFile; fileRef = 343444AA2A7D4B2E00E4BF3B /* ResultBuilderTests.swift */; };
		343444AD2A7D4B4900E4BF3B /* ResultBuilder.swift in Sources */ = {isa = PBXBuildFile; fileRef = 343444AC2A7D4B4900E4BF3B /* ResultBuilder.swift */; };
		343444B12A7D4C2B00E4BF3B /* StringInterpolation.swift in Sources */ = {isa = PBXBuildFile; fileRef = 343444B02A7D4C2B00E4BF3B /* StringInterpolation.swift */; };
		343444B32A7D4C4400E4BF3B /* StringInterpolationTests.swift in Sources */ = {isa = PBXBuildFile; fileRef = 343444B22A7D4C4400E4BF3B /* StringInterpolationTests.swift */; };
		344098FC2A8130110023C02E /* PatternMatching.swift in Sources */ = {isa = PBXBuildFile; fileRef = 344098FB2A8130110023C02E /* PatternMatching.swift */; };
		344098FE2A8130250023C02E /* PatternMatchingTests.swift in Sources */ = {isa = PBXBuildFile; fileRef = 344098FD2A8130250023C02E /* PatternMatchingTests.swift */; };
		348665532A7FB304007AA1D9 /* StrideableTests.swift in Sources */ = {isa = PBXBuildFile; fileRef = 348665522A7FB304007AA1D9 /* StrideableTests.swift */; };
		348665552A7FB389007AA1D9 /* Strideable.swift in Sources */ = {isa = PBXBuildFile; fileRef = 348665542A7FB389007AA1D9 /* Strideable.swift */; };
		348695B42A8745C2004DCC2B /* EncodeDecodeTests.swift in Sources */ = {isa = PBXBuildFile; fileRef = 348695B32A8745C2004DCC2B /* EncodeDecodeTests.swift */; };
		348695B62A8745EF004DCC2B /* EncodeDecode.swift in Sources */ = {isa = PBXBuildFile; fileRef = 348695B52A8745EF004DCC2B /* EncodeDecode.swift */; };
		348695B82A874C6A004DCC2B /* ErrorHandlingTests.swift in Sources */ = {isa = PBXBuildFile; fileRef = 348695B72A874C6A004DCC2B /* ErrorHandlingTests.swift */; };
		348695BA2A874C7D004DCC2B /* ErrorHandling.swift in Sources */ = {isa = PBXBuildFile; fileRef = 348695B92A874C7D004DCC2B /* ErrorHandling.swift */; };
		348695BC2A875FB7004DCC2B /* MemoryManagementTests.swift in Sources */ = {isa = PBXBuildFile; fileRef = 348695BB2A875FB7004DCC2B /* MemoryManagementTests.swift */; };
		348695BE2A876010004DCC2B /* MemoryManagement.swift in Sources */ = {isa = PBXBuildFile; fileRef = 348695BD2A876010004DCC2B /* MemoryManagement.swift */; };
		34A197A52AA30B9800812498 /* PropertyWrapperTests.swift in Sources */ = {isa = PBXBuildFile; fileRef = 34A197A42AA30B9800812498 /* PropertyWrapperTests.swift */; };
		34A197A72AA30BA800812498 /* PropertyWrapper.swift in Sources */ = {isa = PBXBuildFile; fileRef = 34A197A62AA30BA800812498 /* PropertyWrapper.swift */; };
		34A197A92AA37CF600812498 /* ProtocolOrientedProgramming.swift in Sources */ = {isa = PBXBuildFile; fileRef = 34A197A82AA37CF600812498 /* ProtocolOrientedProgramming.swift */; };
		34A197AB2AA37D3C00812498 /* ProtocolOrientedProgrammingTests.swift in Sources */ = {isa = PBXBuildFile; fileRef = 34A197AA2AA37D3C00812498 /* ProtocolOrientedProgrammingTests.swift */; };
		34BBA7B42A70006100B5335E /* AppDelegate.swift in Sources */ = {isa = PBXBuildFile; fileRef = 34BBA7B32A70006100B5335E /* AppDelegate.swift */; };
		34BBA7B62A70006100B5335E /* SceneDelegate.swift in Sources */ = {isa = PBXBuildFile; fileRef = 34BBA7B52A70006100B5335E /* SceneDelegate.swift */; };
		34BBA7B82A70006100B5335E /* ViewController.swift in Sources */ = {isa = PBXBuildFile; fileRef = 34BBA7B72A70006100B5335E /* ViewController.swift */; };
		34BBA7BB2A70006100B5335E /* Main.storyboard in Resources */ = {isa = PBXBuildFile; fileRef = 34BBA7B92A70006100B5335E /* Main.storyboard */; };
		34BBA7BD2A70006200B5335E /* Assets.xcassets in Resources */ = {isa = PBXBuildFile; fileRef = 34BBA7BC2A70006200B5335E /* Assets.xcassets */; };
		34BBA7C02A70006200B5335E /* LaunchScreen.storyboard in Resources */ = {isa = PBXBuildFile; fileRef = 34BBA7BE2A70006200B5335E /* LaunchScreen.storyboard */; };
		34BBA7CF2A70026B00B5335E /* CustomOperators.swift in Sources */ = {isa = PBXBuildFile; fileRef = 34BBA7CD2A70026A00B5335E /* CustomOperators.swift */; };
		34BBA7D02A70026B00B5335E /* Singleton.swift in Sources */ = {isa = PBXBuildFile; fileRef = 34BBA7CE2A70026B00B5335E /* Singleton.swift */; };
		34BBA7E02A70029C00B5335E /* SingletonTests.swift in Sources */ = {isa = PBXBuildFile; fileRef = 34BBA7DE2A70029C00B5335E /* SingletonTests.swift */; };
		34BBA7E12A70029C00B5335E /* CustomOperatorsTests.swift in Sources */ = {isa = PBXBuildFile; fileRef = 34BBA7DF2A70029C00B5335E /* CustomOperatorsTests.swift */; };
		34BBA7E42A7004B300B5335E /* Stack.swift in Sources */ = {isa = PBXBuildFile; fileRef = 34BBA7E32A7004B300B5335E /* Stack.swift */; };
		34BBA7E82A70052000B5335E /* StackTests.swift in Sources */ = {isa = PBXBuildFile; fileRef = 34BBA7E72A70052000B5335E /* StackTests.swift */; };
		34BBA7EA2A70126600B5335E /* CharacterBattle.swift in Sources */ = {isa = PBXBuildFile; fileRef = 34BBA7E92A70126600B5335E /* CharacterBattle.swift */; };
		34BBA7EC2A7012A300B5335E /* CharacterBattleTests.swift in Sources */ = {isa = PBXBuildFile; fileRef = 34BBA7EB2A7012A300B5335E /* CharacterBattleTests.swift */; };
		34BBA7EE2A70190300B5335E /* Generics.swift in Sources */ = {isa = PBXBuildFile; fileRef = 34BBA7ED2A70190300B5335E /* Generics.swift */; };
		34BBA7F02A70191400B5335E /* GenericsTests.swift in Sources */ = {isa = PBXBuildFile; fileRef = 34BBA7EF2A70191400B5335E /* GenericsTests.swift */; };
/* End PBXBuildFile section */

/* Begin PBXContainerItemProxy section */
		34BBA7D92A70028500B5335E /* PBXContainerItemProxy */ = {
			isa = PBXContainerItemProxy;
			containerPortal = 34BBA7A82A70006100B5335E /* Project object */;
			proxyType = 1;
			remoteGlobalIDString = 34BBA7AF2A70006100B5335E;
			remoteInfo = SwiftJog;
		};
/* End PBXContainerItemProxy section */

/* Begin PBXFileReference section */
		343444AA2A7D4B2E00E4BF3B /* ResultBuilderTests.swift */ = {isa = PBXFileReference; fileEncoding = 4; lastKnownFileType = sourcecode.swift; path = ResultBuilderTests.swift; sourceTree = "<group>"; };
		343444AC2A7D4B4900E4BF3B /* ResultBuilder.swift */ = {isa = PBXFileReference; fileEncoding = 4; lastKnownFileType = sourcecode.swift; path = ResultBuilder.swift; sourceTree = "<group>"; };
		343444B02A7D4C2B00E4BF3B /* StringInterpolation.swift */ = {isa = PBXFileReference; lastKnownFileType = sourcecode.swift; path = StringInterpolation.swift; sourceTree = "<group>"; };
		343444B22A7D4C4400E4BF3B /* StringInterpolationTests.swift */ = {isa = PBXFileReference; lastKnownFileType = sourcecode.swift; path = StringInterpolationTests.swift; sourceTree = "<group>"; };
		344098FB2A8130110023C02E /* PatternMatching.swift */ = {isa = PBXFileReference; fileEncoding = 4; lastKnownFileType = sourcecode.swift; path = PatternMatching.swift; sourceTree = "<group>"; };
		344098FD2A8130250023C02E /* PatternMatchingTests.swift */ = {isa = PBXFileReference; fileEncoding = 4; lastKnownFileType = sourcecode.swift; path = PatternMatchingTests.swift; sourceTree = "<group>"; };
		348665522A7FB304007AA1D9 /* StrideableTests.swift */ = {isa = PBXFileReference; lastKnownFileType = sourcecode.swift; path = StrideableTests.swift; sourceTree = "<group>"; };
		348665542A7FB389007AA1D9 /* Strideable.swift */ = {isa = PBXFileReference; lastKnownFileType = sourcecode.swift; path = Strideable.swift; sourceTree = "<group>"; };
		348695B32A8745C2004DCC2B /* EncodeDecodeTests.swift */ = {isa = PBXFileReference; fileEncoding = 4; lastKnownFileType = sourcecode.swift; path = EncodeDecodeTests.swift; sourceTree = "<group>"; };
		348695B52A8745EF004DCC2B /* EncodeDecode.swift */ = {isa = PBXFileReference; fileEncoding = 4; lastKnownFileType = sourcecode.swift; path = EncodeDecode.swift; sourceTree = "<group>"; };
		348695B72A874C6A004DCC2B /* ErrorHandlingTests.swift */ = {isa = PBXFileReference; lastKnownFileType = sourcecode.swift; path = ErrorHandlingTests.swift; sourceTree = "<group>"; };
		348695B92A874C7D004DCC2B /* ErrorHandling.swift */ = {isa = PBXFileReference; lastKnownFileType = sourcecode.swift; path = ErrorHandling.swift; sourceTree = "<group>"; };
		348695BB2A875FB7004DCC2B /* MemoryManagementTests.swift */ = {isa = PBXFileReference; lastKnownFileType = sourcecode.swift; path = MemoryManagementTests.swift; sourceTree = "<group>"; };
		348695BD2A876010004DCC2B /* MemoryManagement.swift */ = {isa = PBXFileReference; lastKnownFileType = sourcecode.swift; path = MemoryManagement.swift; sourceTree = "<group>"; };
		34A197A42AA30B9800812498 /* PropertyWrapperTests.swift */ = {isa = PBXFileReference; lastKnownFileType = sourcecode.swift; path = PropertyWrapperTests.swift; sourceTree = "<group>"; };
		34A197A62AA30BA800812498 /* PropertyWrapper.swift */ = {isa = PBXFileReference; lastKnownFileType = sourcecode.swift; path = PropertyWrapper.swift; sourceTree = "<group>"; };
		34A197A82AA37CF600812498 /* ProtocolOrientedProgramming.swift */ = {isa = PBXFileReference; lastKnownFileType = sourcecode.swift; path = ProtocolOrientedProgramming.swift; sourceTree = "<group>"; };
		34A197AA2AA37D3C00812498 /* ProtocolOrientedProgrammingTests.swift */ = {isa = PBXFileReference; lastKnownFileType = sourcecode.swift; path = ProtocolOrientedProgrammingTests.swift; sourceTree = "<group>"; };
		34BBA7B02A70006100B5335E /* SwiftJog.app */ = {isa = PBXFileReference; explicitFileType = wrapper.application; includeInIndex = 0; path = SwiftJog.app; sourceTree = BUILT_PRODUCTS_DIR; };
		34BBA7B32A70006100B5335E /* AppDelegate.swift */ = {isa = PBXFileReference; lastKnownFileType = sourcecode.swift; path = AppDelegate.swift; sourceTree = "<group>"; };
		34BBA7B52A70006100B5335E /* SceneDelegate.swift */ = {isa = PBXFileReference; lastKnownFileType = sourcecode.swift; path = SceneDelegate.swift; sourceTree = "<group>"; };
		34BBA7B72A70006100B5335E /* ViewController.swift */ = {isa = PBXFileReference; lastKnownFileType = sourcecode.swift; path = ViewController.swift; sourceTree = "<group>"; };
		34BBA7BA2A70006100B5335E /* Base */ = {isa = PBXFileReference; lastKnownFileType = file.storyboard; name = Base; path = Base.lproj/Main.storyboard; sourceTree = "<group>"; };
		34BBA7BC2A70006200B5335E /* Assets.xcassets */ = {isa = PBXFileReference; lastKnownFileType = folder.assetcatalog; path = Assets.xcassets; sourceTree = "<group>"; };
		34BBA7BF2A70006200B5335E /* Base */ = {isa = PBXFileReference; lastKnownFileType = file.storyboard; name = Base; path = Base.lproj/LaunchScreen.storyboard; sourceTree = "<group>"; };
		34BBA7C12A70006200B5335E /* Info.plist */ = {isa = PBXFileReference; lastKnownFileType = text.plist.xml; path = Info.plist; sourceTree = "<group>"; };
		34BBA7CD2A70026A00B5335E /* CustomOperators.swift */ = {isa = PBXFileReference; fileEncoding = 4; lastKnownFileType = sourcecode.swift; path = CustomOperators.swift; sourceTree = "<group>"; };
		34BBA7CE2A70026B00B5335E /* Singleton.swift */ = {isa = PBXFileReference; fileEncoding = 4; lastKnownFileType = sourcecode.swift; path = Singleton.swift; sourceTree = "<group>"; };
		34BBA7D52A70028500B5335E /* SwiftJogTests.xctest */ = {isa = PBXFileReference; explicitFileType = wrapper.cfbundle; includeInIndex = 0; path = SwiftJogTests.xctest; sourceTree = BUILT_PRODUCTS_DIR; };
		34BBA7DE2A70029C00B5335E /* SingletonTests.swift */ = {isa = PBXFileReference; fileEncoding = 4; lastKnownFileType = sourcecode.swift; path = SingletonTests.swift; sourceTree = "<group>"; };
		34BBA7DF2A70029C00B5335E /* CustomOperatorsTests.swift */ = {isa = PBXFileReference; fileEncoding = 4; lastKnownFileType = sourcecode.swift; path = CustomOperatorsTests.swift; sourceTree = "<group>"; };
		34BBA7E32A7004B300B5335E /* Stack.swift */ = {isa = PBXFileReference; lastKnownFileType = sourcecode.swift; path = Stack.swift; sourceTree = "<group>"; };
		34BBA7E72A70052000B5335E /* StackTests.swift */ = {isa = PBXFileReference; lastKnownFileType = sourcecode.swift; path = StackTests.swift; sourceTree = "<group>"; };
		34BBA7E92A70126600B5335E /* CharacterBattle.swift */ = {isa = PBXFileReference; lastKnownFileType = sourcecode.swift; path = CharacterBattle.swift; sourceTree = "<group>"; };
		34BBA7EB2A7012A300B5335E /* CharacterBattleTests.swift */ = {isa = PBXFileReference; lastKnownFileType = sourcecode.swift; path = CharacterBattleTests.swift; sourceTree = "<group>"; };
		34BBA7ED2A70190300B5335E /* Generics.swift */ = {isa = PBXFileReference; lastKnownFileType = sourcecode.swift; path = Generics.swift; sourceTree = "<group>"; };
		34BBA7EF2A70191400B5335E /* GenericsTests.swift */ = {isa = PBXFileReference; lastKnownFileType = sourcecode.swift; path = GenericsTests.swift; sourceTree = "<group>"; };
/* End PBXFileReference section */

/* Begin PBXFrameworksBuildPhase section */
		34BBA7AD2A70006100B5335E /* Frameworks */ = {
			isa = PBXFrameworksBuildPhase;
			buildActionMask = 2147483647;
			files = (
			);
			runOnlyForDeploymentPostprocessing = 0;
		};
		34BBA7D22A70028500B5335E /* Frameworks */ = {
			isa = PBXFrameworksBuildPhase;
			buildActionMask = 2147483647;
			files = (
			);
			runOnlyForDeploymentPostprocessing = 0;
		};
/* End PBXFrameworksBuildPhase section */

/* Begin PBXGroup section */
		34BBA7A72A70006100B5335E = {
			isa = PBXGroup;
			children = (
				34BBA7B22A70006100B5335E /* SwiftJog */,
				34BBA7D62A70028500B5335E /* SwiftJogTests */,
				34BBA7B12A70006100B5335E /* Products */,
			);
			sourceTree = "<group>";
		};
		34BBA7B12A70006100B5335E /* Products */ = {
			isa = PBXGroup;
			children = (
				34BBA7B02A70006100B5335E /* SwiftJog.app */,
				34BBA7D52A70028500B5335E /* SwiftJogTests.xctest */,
			);
			name = Products;
			sourceTree = "<group>";
		};
		34BBA7B22A70006100B5335E /* SwiftJog */ = {
			isa = PBXGroup;
			children = (
				34BBA7E22A70036800B5335E /* Misc */,
				34BBA7CC2A70025900B5335E /* Jog */,
				34BBA7CB2A7001F400B5335E /* Walk */,
				34BBA7C12A70006200B5335E /* Info.plist */,
			);
			path = SwiftJog;
			sourceTree = "<group>";
		};
		34BBA7CB2A7001F400B5335E /* Walk */ = {
			isa = PBXGroup;
			children = (
				348695B52A8745EF004DCC2B /* EncodeDecode.swift */,
				343444B02A7D4C2B00E4BF3B /* StringInterpolation.swift */,
				34BBA7ED2A70190300B5335E /* Generics.swift */,
				34BBA7E32A7004B300B5335E /* Stack.swift */,
				34BBA7CD2A70026A00B5335E /* CustomOperators.swift */,
				34BBA7CE2A70026B00B5335E /* Singleton.swift */,
				34BBA7E92A70126600B5335E /* CharacterBattle.swift */,
				344098FB2A8130110023C02E /* PatternMatching.swift */,
				343444AC2A7D4B4900E4BF3B /* ResultBuilder.swift */,
				348665542A7FB389007AA1D9 /* Strideable.swift */,
				348695B92A874C7D004DCC2B /* ErrorHandling.swift */,
				348695BD2A876010004DCC2B /* MemoryManagement.swift */,
				34A197A62AA30BA800812498 /* PropertyWrapper.swift */,
				34A197A82AA37CF600812498 /* ProtocolOrientedProgramming.swift */,
			);
			path = Walk;
			sourceTree = "<group>";
		};
		34BBA7CC2A70025900B5335E /* Jog */ = {
			isa = PBXGroup;
			children = (
			);
			path = Jog;
			sourceTree = "<group>";
		};
		34BBA7D62A70028500B5335E /* SwiftJogTests */ = {
			isa = PBXGroup;
			children = (
				343444B22A7D4C4400E4BF3B /* StringInterpolationTests.swift */,
				34BBA7EF2A70191400B5335E /* GenericsTests.swift */,
				34BBA7DE2A70029C00B5335E /* SingletonTests.swift */,
				34BBA7E72A70052000B5335E /* StackTests.swift */,
				34BBA7EB2A7012A300B5335E /* CharacterBattleTests.swift */,
				34BBA7DF2A70029C00B5335E /* CustomOperatorsTests.swift */,
				344098FD2A8130250023C02E /* PatternMatchingTests.swift */,
				343444AA2A7D4B2E00E4BF3B /* ResultBuilderTests.swift */,
				348665522A7FB304007AA1D9 /* StrideableTests.swift */,
				348695B32A8745C2004DCC2B /* EncodeDecodeTests.swift */,
				348695B72A874C6A004DCC2B /* ErrorHandlingTests.swift */,
				348695BB2A875FB7004DCC2B /* MemoryManagementTests.swift */,
				34A197A42AA30B9800812498 /* PropertyWrapperTests.swift */,
				34A197AA2AA37D3C00812498 /* ProtocolOrientedProgrammingTests.swift */,
			);
			path = SwiftJogTests;
			sourceTree = "<group>";
		};
		34BBA7E22A70036800B5335E /* Misc */ = {
			isa = PBXGroup;
			children = (
				34BBA7B32A70006100B5335E /* AppDelegate.swift */,
				34BBA7B52A70006100B5335E /* SceneDelegate.swift */,
				34BBA7B72A70006100B5335E /* ViewController.swift */,
				34BBA7B92A70006100B5335E /* Main.storyboard */,
				34BBA7BC2A70006200B5335E /* Assets.xcassets */,
				34BBA7BE2A70006200B5335E /* LaunchScreen.storyboard */,
			);
			path = Misc;
			sourceTree = "<group>";
		};
/* End PBXGroup section */

/* Begin PBXNativeTarget section */
		34BBA7AF2A70006100B5335E /* SwiftJog */ = {
			isa = PBXNativeTarget;
			buildConfigurationList = 34BBA7C42A70006200B5335E /* Build configuration list for PBXNativeTarget "SwiftJog" */;
			buildPhases = (
				34BBA7AC2A70006100B5335E /* Sources */,
				34BBA7AD2A70006100B5335E /* Frameworks */,
				34BBA7AE2A70006100B5335E /* Resources */,
			);
			buildRules = (
			);
			dependencies = (
			);
			name = SwiftJog;
			productName = SwiftJog;
			productReference = 34BBA7B02A70006100B5335E /* SwiftJog.app */;
			productType = "com.apple.product-type.application";
		};
		34BBA7D42A70028500B5335E /* SwiftJogTests */ = {
			isa = PBXNativeTarget;
			buildConfigurationList = 34BBA7DB2A70028500B5335E /* Build configuration list for PBXNativeTarget "SwiftJogTests" */;
			buildPhases = (
				34BBA7D12A70028500B5335E /* Sources */,
				34BBA7D22A70028500B5335E /* Frameworks */,
				34BBA7D32A70028500B5335E /* Resources */,
			);
			buildRules = (
			);
			dependencies = (
				34BBA7DA2A70028500B5335E /* PBXTargetDependency */,
			);
			name = SwiftJogTests;
			productName = SwiftJogTests;
			productReference = 34BBA7D52A70028500B5335E /* SwiftJogTests.xctest */;
			productType = "com.apple.product-type.bundle.unit-test";
		};
/* End PBXNativeTarget section */

/* Begin PBXProject section */
		34BBA7A82A70006100B5335E /* Project object */ = {
			isa = PBXProject;
			attributes = {
				BuildIndependentTargetsInParallel = 1;
				LastSwiftUpdateCheck = 1430;
				LastUpgradeCheck = 1430;
				TargetAttributes = {
					34BBA7AF2A70006100B5335E = {
						CreatedOnToolsVersion = 14.3.1;
					};
					34BBA7D42A70028500B5335E = {
						CreatedOnToolsVersion = 14.3.1;
						TestTargetID = 34BBA7AF2A70006100B5335E;
					};
				};
			};
			buildConfigurationList = 34BBA7AB2A70006100B5335E /* Build configuration list for PBXProject "SwiftJog" */;
			compatibilityVersion = "Xcode 13.0";
			developmentRegion = en;
			hasScannedForEncodings = 0;
			knownRegions = (
				en,
				Base,
			);
			mainGroup = 34BBA7A72A70006100B5335E;
			productRefGroup = 34BBA7B12A70006100B5335E /* Products */;
			projectDirPath = "";
			projectRoot = "";
			targets = (
				34BBA7AF2A70006100B5335E /* SwiftJog */,
				34BBA7D42A70028500B5335E /* SwiftJogTests */,
			);
		};
/* End PBXProject section */

/* Begin PBXResourcesBuildPhase section */
		34BBA7AE2A70006100B5335E /* Resources */ = {
			isa = PBXResourcesBuildPhase;
			buildActionMask = 2147483647;
			files = (
				34BBA7C02A70006200B5335E /* LaunchScreen.storyboard in Resources */,
				34BBA7BD2A70006200B5335E /* Assets.xcassets in Resources */,
				34BBA7BB2A70006100B5335E /* Main.storyboard in Resources */,
			);
			runOnlyForDeploymentPostprocessing = 0;
		};
		34BBA7D32A70028500B5335E /* Resources */ = {
			isa = PBXResourcesBuildPhase;
			buildActionMask = 2147483647;
			files = (
			);
			runOnlyForDeploymentPostprocessing = 0;
		};
/* End PBXResourcesBuildPhase section */

/* Begin PBXSourcesBuildPhase section */
		34BBA7AC2A70006100B5335E /* Sources */ = {
			isa = PBXSourcesBuildPhase;
			buildActionMask = 2147483647;
			files = (
				348695BE2A876010004DCC2B /* MemoryManagement.swift in Sources */,
				34BBA7B82A70006100B5335E /* ViewController.swift in Sources */,
				343444B12A7D4C2B00E4BF3B /* StringInterpolation.swift in Sources */,
				34A197A92AA37CF600812498 /* ProtocolOrientedProgramming.swift in Sources */,
				34BBA7EE2A70190300B5335E /* Generics.swift in Sources */,
				348665552A7FB389007AA1D9 /* Strideable.swift in Sources */,
				34BBA7B42A70006100B5335E /* AppDelegate.swift in Sources */,
				34A197A72AA30BA800812498 /* PropertyWrapper.swift in Sources */,
				344098FC2A8130110023C02E /* PatternMatching.swift in Sources */,
				34BBA7CF2A70026B00B5335E /* CustomOperators.swift in Sources */,
				343444AD2A7D4B4900E4BF3B /* ResultBuilder.swift in Sources */,
				34BBA7D02A70026B00B5335E /* Singleton.swift in Sources */,
				348695BA2A874C7D004DCC2B /* ErrorHandling.swift in Sources */,
				34BBA7EA2A70126600B5335E /* CharacterBattle.swift in Sources */,
				34BBA7E42A7004B300B5335E /* Stack.swift in Sources */,
				348695B62A8745EF004DCC2B /* EncodeDecode.swift in Sources */,
				34BBA7B62A70006100B5335E /* SceneDelegate.swift in Sources */,
			);
			runOnlyForDeploymentPostprocessing = 0;
		};
		34BBA7D12A70028500B5335E /* Sources */ = {
			isa = PBXSourcesBuildPhase;
			buildActionMask = 2147483647;
			files = (
				34BBA7E12A70029C00B5335E /* CustomOperatorsTests.swift in Sources */,
				34A197AB2AA37D3C00812498 /* ProtocolOrientedProgrammingTests.swift in Sources */,
				34A197A52AA30B9800812498 /* PropertyWrapperTests.swift in Sources */,
				34BBA7EC2A7012A300B5335E /* CharacterBattleTests.swift in Sources */,
				348695B82A874C6A004DCC2B /* ErrorHandlingTests.swift in Sources */,
				348695BC2A875FB7004DCC2B /* MemoryManagementTests.swift in Sources */,
				348665532A7FB304007AA1D9 /* StrideableTests.swift in Sources */,
				348695B42A8745C2004DCC2B /* EncodeDecodeTests.swift in Sources */,
				343444AB2A7D4B2E00E4BF3B /* ResultBuilderTests.swift in Sources */,
				34BBA7E02A70029C00B5335E /* SingletonTests.swift in Sources */,
				34BBA7F02A70191400B5335E /* GenericsTests.swift in Sources */,
				343444B32A7D4C4400E4BF3B /* StringInterpolationTests.swift in Sources */,
				34BBA7E82A70052000B5335E /* StackTests.swift in Sources */,
				344098FE2A8130250023C02E /* PatternMatchingTests.swift in Sources */,
			);
			runOnlyForDeploymentPostprocessing = 0;
		};
/* End PBXSourcesBuildPhase section */

/* Begin PBXTargetDependency section */
		34BBA7DA2A70028500B5335E /* PBXTargetDependency */ = {
			isa = PBXTargetDependency;
			target = 34BBA7AF2A70006100B5335E /* SwiftJog */;
			targetProxy = 34BBA7D92A70028500B5335E /* PBXContainerItemProxy */;
		};
/* End PBXTargetDependency section */

/* Begin PBXVariantGroup section */
		34BBA7B92A70006100B5335E /* Main.storyboard */ = {
			isa = PBXVariantGroup;
			children = (
				34BBA7BA2A70006100B5335E /* Base */,
			);
			name = Main.storyboard;
			sourceTree = "<group>";
		};
		34BBA7BE2A70006200B5335E /* LaunchScreen.storyboard */ = {
			isa = PBXVariantGroup;
			children = (
				34BBA7BF2A70006200B5335E /* Base */,
			);
			name = LaunchScreen.storyboard;
			sourceTree = "<group>";
		};
/* End PBXVariantGroup section */

/* Begin XCBuildConfiguration section */
		34BBA7C22A70006200B5335E /* Debug */ = {
			isa = XCBuildConfiguration;
			buildSettings = {
				ALWAYS_SEARCH_USER_PATHS = NO;
				CLANG_ANALYZER_NONNULL = YES;
				CLANG_ANALYZER_NUMBER_OBJECT_CONVERSION = YES_AGGRESSIVE;
				CLANG_CXX_LANGUAGE_STANDARD = "gnu++20";
				CLANG_ENABLE_MODULES = YES;
				CLANG_ENABLE_OBJC_ARC = YES;
				CLANG_ENABLE_OBJC_WEAK = YES;
				CLANG_WARN_BLOCK_CAPTURE_AUTORELEASING = YES;
				CLANG_WARN_BOOL_CONVERSION = YES;
				CLANG_WARN_COMMA = YES;
				CLANG_WARN_CONSTANT_CONVERSION = YES;
				CLANG_WARN_DEPRECATED_OBJC_IMPLEMENTATIONS = YES;
				CLANG_WARN_DIRECT_OBJC_ISA_USAGE = YES_ERROR;
				CLANG_WARN_DOCUMENTATION_COMMENTS = YES;
				CLANG_WARN_EMPTY_BODY = YES;
				CLANG_WARN_ENUM_CONVERSION = YES;
				CLANG_WARN_INFINITE_RECURSION = YES;
				CLANG_WARN_INT_CONVERSION = YES;
				CLANG_WARN_NON_LITERAL_NULL_CONVERSION = YES;
				CLANG_WARN_OBJC_IMPLICIT_RETAIN_SELF = YES;
				CLANG_WARN_OBJC_LITERAL_CONVERSION = YES;
				CLANG_WARN_OBJC_ROOT_CLASS = YES_ERROR;
				CLANG_WARN_QUOTED_INCLUDE_IN_FRAMEWORK_HEADER = YES;
				CLANG_WARN_RANGE_LOOP_ANALYSIS = YES;
				CLANG_WARN_STRICT_PROTOTYPES = YES;
				CLANG_WARN_SUSPICIOUS_MOVE = YES;
				CLANG_WARN_UNGUARDED_AVAILABILITY = YES_AGGRESSIVE;
				CLANG_WARN_UNREACHABLE_CODE = YES;
				CLANG_WARN__DUPLICATE_METHOD_MATCH = YES;
				COPY_PHASE_STRIP = NO;
				DEBUG_INFORMATION_FORMAT = dwarf;
				ENABLE_STRICT_OBJC_MSGSEND = YES;
				ENABLE_TESTABILITY = YES;
				GCC_C_LANGUAGE_STANDARD = gnu11;
				GCC_DYNAMIC_NO_PIC = NO;
				GCC_NO_COMMON_BLOCKS = YES;
				GCC_OPTIMIZATION_LEVEL = 0;
				GCC_PREPROCESSOR_DEFINITIONS = (
					"DEBUG=1",
					"$(inherited)",
				);
				GCC_WARN_64_TO_32_BIT_CONVERSION = YES;
				GCC_WARN_ABOUT_RETURN_TYPE = YES_ERROR;
				GCC_WARN_UNDECLARED_SELECTOR = YES;
				GCC_WARN_UNINITIALIZED_AUTOS = YES_AGGRESSIVE;
				GCC_WARN_UNUSED_FUNCTION = YES;
				GCC_WARN_UNUSED_VARIABLE = YES;
				IPHONEOS_DEPLOYMENT_TARGET = 15.2;
				MTL_ENABLE_DEBUG_INFO = INCLUDE_SOURCE;
				MTL_FAST_MATH = YES;
				ONLY_ACTIVE_ARCH = YES;
				SDKROOT = iphoneos;
				SWIFT_ACTIVE_COMPILATION_CONDITIONS = DEBUG;
				SWIFT_OPTIMIZATION_LEVEL = "-Onone";
			};
			name = Debug;
		};
		34BBA7C32A70006200B5335E /* Release */ = {
			isa = XCBuildConfiguration;
			buildSettings = {
				ALWAYS_SEARCH_USER_PATHS = NO;
				CLANG_ANALYZER_NONNULL = YES;
				CLANG_ANALYZER_NUMBER_OBJECT_CONVERSION = YES_AGGRESSIVE;
				CLANG_CXX_LANGUAGE_STANDARD = "gnu++20";
				CLANG_ENABLE_MODULES = YES;
				CLANG_ENABLE_OBJC_ARC = YES;
				CLANG_ENABLE_OBJC_WEAK = YES;
				CLANG_WARN_BLOCK_CAPTURE_AUTORELEASING = YES;
				CLANG_WARN_BOOL_CONVERSION = YES;
				CLANG_WARN_COMMA = YES;
				CLANG_WARN_CONSTANT_CONVERSION = YES;
				CLANG_WARN_DEPRECATED_OBJC_IMPLEMENTATIONS = YES;
				CLANG_WARN_DIRECT_OBJC_ISA_USAGE = YES_ERROR;
				CLANG_WARN_DOCUMENTATION_COMMENTS = YES;
				CLANG_WARN_EMPTY_BODY = YES;
				CLANG_WARN_ENUM_CONVERSION = YES;
				CLANG_WARN_INFINITE_RECURSION = YES;
				CLANG_WARN_INT_CONVERSION = YES;
				CLANG_WARN_NON_LITERAL_NULL_CONVERSION = YES;
				CLANG_WARN_OBJC_IMPLICIT_RETAIN_SELF = YES;
				CLANG_WARN_OBJC_LITERAL_CONVERSION = YES;
				CLANG_WARN_OBJC_ROOT_CLASS = YES_ERROR;
				CLANG_WARN_QUOTED_INCLUDE_IN_FRAMEWORK_HEADER = YES;
				CLANG_WARN_RANGE_LOOP_ANALYSIS = YES;
				CLANG_WARN_STRICT_PROTOTYPES = YES;
				CLANG_WARN_SUSPICIOUS_MOVE = YES;
				CLANG_WARN_UNGUARDED_AVAILABILITY = YES_AGGRESSIVE;
				CLANG_WARN_UNREACHABLE_CODE = YES;
				CLANG_WARN__DUPLICATE_METHOD_MATCH = YES;
				COPY_PHASE_STRIP = NO;
				DEBUG_INFORMATION_FORMAT = "dwarf-with-dsym";
				ENABLE_NS_ASSERTIONS = NO;
				ENABLE_STRICT_OBJC_MSGSEND = YES;
				GCC_C_LANGUAGE_STANDARD = gnu11;
				GCC_NO_COMMON_BLOCKS = YES;
				GCC_WARN_64_TO_32_BIT_CONVERSION = YES;
				GCC_WARN_ABOUT_RETURN_TYPE = YES_ERROR;
				GCC_WARN_UNDECLARED_SELECTOR = YES;
				GCC_WARN_UNINITIALIZED_AUTOS = YES_AGGRESSIVE;
				GCC_WARN_UNUSED_FUNCTION = YES;
				GCC_WARN_UNUSED_VARIABLE = YES;
				IPHONEOS_DEPLOYMENT_TARGET = 15.2;
				MTL_ENABLE_DEBUG_INFO = NO;
				MTL_FAST_MATH = YES;
				SDKROOT = iphoneos;
				SWIFT_COMPILATION_MODE = wholemodule;
				SWIFT_OPTIMIZATION_LEVEL = "-O";
				VALIDATE_PRODUCT = YES;
			};
			name = Release;
		};
		34BBA7C52A70006200B5335E /* Debug */ = {
			isa = XCBuildConfiguration;
			buildSettings = {
				ASSETCATALOG_COMPILER_APPICON_NAME = AppIcon;
				ASSETCATALOG_COMPILER_GLOBAL_ACCENT_COLOR_NAME = AccentColor;
				CODE_SIGN_STYLE = Automatic;
				CURRENT_PROJECT_VERSION = 1;
				GENERATE_INFOPLIST_FILE = YES;
				INFOPLIST_FILE = SwiftJog/Info.plist;
				INFOPLIST_KEY_UIApplicationSupportsIndirectInputEvents = YES;
				INFOPLIST_KEY_UILaunchStoryboardName = LaunchScreen;
				INFOPLIST_KEY_UIMainStoryboardFile = Main;
				INFOPLIST_KEY_UISupportedInterfaceOrientations_iPad = "UIInterfaceOrientationPortrait UIInterfaceOrientationPortraitUpsideDown UIInterfaceOrientationLandscapeLeft UIInterfaceOrientationLandscapeRight";
				INFOPLIST_KEY_UISupportedInterfaceOrientations_iPhone = "UIInterfaceOrientationPortrait UIInterfaceOrientationLandscapeLeft UIInterfaceOrientationLandscapeRight";
				LD_RUNPATH_SEARCH_PATHS = (
					"$(inherited)",
					"@executable_path/Frameworks",
				);
				MARKETING_VERSION = 1.0;
				PRODUCT_BUNDLE_IDENTIFIER = com.dekideks.SwiftJog;
				PRODUCT_NAME = "$(TARGET_NAME)";
				SWIFT_EMIT_LOC_STRINGS = YES;
				SWIFT_VERSION = 5.0;
				TARGETED_DEVICE_FAMILY = "1,2";
			};
			name = Debug;
		};
		34BBA7C62A70006200B5335E /* Release */ = {
			isa = XCBuildConfiguration;
			buildSettings = {
				ASSETCATALOG_COMPILER_APPICON_NAME = AppIcon;
				ASSETCATALOG_COMPILER_GLOBAL_ACCENT_COLOR_NAME = AccentColor;
				CODE_SIGN_STYLE = Automatic;
				CURRENT_PROJECT_VERSION = 1;
				GENERATE_INFOPLIST_FILE = YES;
				INFOPLIST_FILE = SwiftJog/Info.plist;
				INFOPLIST_KEY_UIApplicationSupportsIndirectInputEvents = YES;
				INFOPLIST_KEY_UILaunchStoryboardName = LaunchScreen;
				INFOPLIST_KEY_UIMainStoryboardFile = Main;
				INFOPLIST_KEY_UISupportedInterfaceOrientations_iPad = "UIInterfaceOrientationPortrait UIInterfaceOrientationPortraitUpsideDown UIInterfaceOrientationLandscapeLeft UIInterfaceOrientationLandscapeRight";
				INFOPLIST_KEY_UISupportedInterfaceOrientations_iPhone = "UIInterfaceOrientationPortrait UIInterfaceOrientationLandscapeLeft UIInterfaceOrientationLandscapeRight";
				LD_RUNPATH_SEARCH_PATHS = (
					"$(inherited)",
					"@executable_path/Frameworks",
				);
				MARKETING_VERSION = 1.0;
				PRODUCT_BUNDLE_IDENTIFIER = com.dekideks.SwiftJog;
				PRODUCT_NAME = "$(TARGET_NAME)";
				SWIFT_EMIT_LOC_STRINGS = YES;
				SWIFT_VERSION = 5.0;
				TARGETED_DEVICE_FAMILY = "1,2";
			};
			name = Release;
		};
		34BBA7DC2A70028500B5335E /* Debug */ = {
			isa = XCBuildConfiguration;
			buildSettings = {
				BUNDLE_LOADER = "$(TEST_HOST)";
				CODE_SIGN_STYLE = Automatic;
				CURRENT_PROJECT_VERSION = 1;
				GENERATE_INFOPLIST_FILE = YES;
				MARKETING_VERSION = 1.0;
				PRODUCT_BUNDLE_IDENTIFIER = com.dekideks.SwiftJogTests;
				PRODUCT_NAME = "$(TARGET_NAME)";
				SWIFT_EMIT_LOC_STRINGS = NO;
				SWIFT_VERSION = 5.0;
				TARGETED_DEVICE_FAMILY = "1,2";
				TEST_HOST = "$(BUILT_PRODUCTS_DIR)/SwiftJog.app/SwiftJog";
			};
			name = Debug;
		};
		34BBA7DD2A70028500B5335E /* Release */ = {
			isa = XCBuildConfiguration;
			buildSettings = {
				BUNDLE_LOADER = "$(TEST_HOST)";
				CODE_SIGN_STYLE = Automatic;
				CURRENT_PROJECT_VERSION = 1;
				GENERATE_INFOPLIST_FILE = YES;
				MARKETING_VERSION = 1.0;
				PRODUCT_BUNDLE_IDENTIFIER = com.dekideks.SwiftJogTests;
				PRODUCT_NAME = "$(TARGET_NAME)";
				SWIFT_EMIT_LOC_STRINGS = NO;
				SWIFT_VERSION = 5.0;
				TARGETED_DEVICE_FAMILY = "1,2";
				TEST_HOST = "$(BUILT_PRODUCTS_DIR)/SwiftJog.app/SwiftJog";
			};
			name = Release;
		};
/* End XCBuildConfiguration section */

/* Begin XCConfigurationList section */
		34BBA7AB2A70006100B5335E /* Build configuration list for PBXProject "SwiftJog" */ = {
			isa = XCConfigurationList;
			buildConfigurations = (
				34BBA7C22A70006200B5335E /* Debug */,
				34BBA7C32A70006200B5335E /* Release */,
			);
			defaultConfigurationIsVisible = 0;
			defaultConfigurationName = Release;
		};
		34BBA7C42A70006200B5335E /* Build configuration list for PBXNativeTarget "SwiftJog" */ = {
			isa = XCConfigurationList;
			buildConfigurations = (
				34BBA7C52A70006200B5335E /* Debug */,
				34BBA7C62A70006200B5335E /* Release */,
			);
			defaultConfigurationIsVisible = 0;
			defaultConfigurationName = Release;
		};
		34BBA7DB2A70028500B5335E /* Build configuration list for PBXNativeTarget "SwiftJogTests" */ = {
			isa = XCConfigurationList;
			buildConfigurations = (
				34BBA7DC2A70028500B5335E /* Debug */,
				34BBA7DD2A70028500B5335E /* Release */,
			);
			defaultConfigurationIsVisible = 0;
			defaultConfigurationName = Release;
		};
/* End XCConfigurationList section */
	};
	rootObject = 34BBA7A82A70006100B5335E /* Project object */;
}
